
Microsoft Visual Studio Solution File, Format Version 12.00
Project("{FAE04EC0-301F-11D3-BF4B-00C04F79EFBC}") = "Client", "Client\Client.csproj", "{251CB94E-5186-43EA-9889-DC3F60B18268}"
EndProject
Project("{FAE04EC0-301F-11D3-BF4B-00C04F79EFBC}") = "API", "API\API.csproj", "{071A4950-379C-41D3-84C3-E143A03CD64F}"
EndProject
Global
	GlobalSection(SolutionConfigurationPlatforms) = preSolution
		Debug|Any CPU = Debug|Any CPU
		Release|Any CPU = Release|Any CPU
	EndGlobalSection
	GlobalSection(ProjectConfigurationPlatforms) = postSolution
		{251CB94E-5186-43EA-9889-DC3F60B18268}.Debug|Any CPU.ActiveCfg = Debug|Any CPU
		{251CB94E-5186-43EA-9889-DC3F60B18268}.Debug|Any CPU.Build.0 = Debug|Any CPU
		{251CB94E-5186-43EA-9889-DC3F60B18268}.Release|Any CPU.ActiveCfg = Release|Any CPU
		{251CB94E-5186-43EA-9889-DC3F60B18268}.Release|Any CPU.Build.0 = Release|Any CPU
		{071A4950-379C-41D3-84C3-E143A03CD64F}.Debug|Any CPU.ActiveCfg = Debug|Any CPU
		{071A4950-379C-41D3-84C3-E143A03CD64F}.Debug|Any CPU.Build.0 = Debug|Any CPU
		{071A4950-379C-41D3-84C3-E143A03CD64F}.Release|Any CPU.ActiveCfg = Release|Any CPU
		{071A4950-379C-41D3-84C3-E143A03CD64F}.Release|Any CPU.Build.0 = Release|Any CPU
	EndGlobalSection
EndGlobal
